
Microsoft Visual Studio Solution File, Format Version 12.00
# Visual Studio Version 17
VisualStudioVersion = 17.4.33122.133
MinimumVisualStudioVersion = 10.0.40219.1
Project("{FAE04EC0-301F-11D3-BF4B-00C04F79EFBC}") = "OwnVehiclesVisualizer", "OwnVehiclesVisualizer.csproj", "{B2488595-CFF9-4456-8C98-DC7729C83776}"
EndProject
Global
	GlobalSection(SolutionConfigurationPlatforms) = preSolution
		Debug|Any CPU = Debug|Any CPU
		Release|Any CPU = Release|Any CPU
	EndGlobalSection
	GlobalSection(ProjectConfigurationPlatforms) = postSolution
		{B2488595-CFF9-4456-8C98-DC7729C83776}.Debug|Any CPU.ActiveCfg = Debug|Any CPU
		{B2488595-CFF9-4456-8C98-DC7729C83776}.Debug|Any CPU.Build.0 = Debug|Any CPU
		{B2488595-CFF9-4456-8C98-DC7729C83776}.Release|Any CPU.ActiveCfg = Release|Any CPU
		{B2488595-CFF9-4456-8C98-DC7729C83776}.Release|Any CPU.Build.0 = Release|Any CPU
	EndGlobalSection
	GlobalSection(SolutionProperties) = preSolution
		HideSolutionNode = FALSE
	EndGlobalSection
	GlobalSection(ExtensibilityGlobals) = postSolution
		SolutionGuid = {47821EF9-CB4B-4A9A-81A9-0CC50C65E68F}
	EndGlobalSection
EndGlobal
